{
  "version": 4,
  "terraform_version": "1.0.7",
  "serial": 90,
  "lineage": "aa0802e1-09ba-a844-e182-849e3fb264a0",
  "outputs": {},
  "resources": [
    {
      "mode": "managed",
      "type": "helm_release",
      "name": "helm_release",
      "provider": "provider[\"registry.terraform.io/hashicorp/helm\"]",
      "instances": [
        {
          "index_key": "argo-cd",
          "schema_version": 0,
          "attributes": {
            "atomic": false,
            "chart": "argo-cd",
            "cleanup_on_fail": false,
            "create_namespace": true,
            "dependency_update": true,
            "description": null,
            "devel": null,
            "disable_crd_hooks": false,
            "disable_openapi_validation": false,
            "disable_webhooks": false,
            "force_update": false,
            "id": "argo-cd",
            "keyring": null,
            "lint": false,
            "manifest": null,
            "max_history": 0,
            "metadata": [
              {
                "app_version": "2.1.2",
                "chart": "argo-cd",
                "name": "argo-cd",
                "namespace": "argo-cd",
                "revision": 4,
                "values": "{\"configs\":{\"secret\":{\"argocdServerTlsConfig\":{\"crt\":\"-----BEGIN CERTIFICATE-----\\nMIIDpTCCAo2gAwIBAgIBAjANBgkqhkiG9w0BAQsFADBUMQswCQYDVQQGEwJJTjEV\\nMBMGA1UECAwMRXhhbXBsZVN0YXRlMRUwEwYDVQQKDAxFeGFtcGxlIEluYy4xFzAV\\nBgNVBAMMDmNhLmV4YW1wbGUuY29tMCAXDTIxMDkyNzA1NTc0OFoYDzIxMjEwOTAz\\nMDU1NzQ4WjBZMQswCQYDVQQGEwJJTjEVMBMGA1UECAwMRXhhbXBsZVN0YXRlMRUw\\nEwYDVQQKDAxFeGFtcGxlIEluYy4xHDAaBgNVBAMME2FyZ28tY2QuZXhhbXBsZS5j\\nb20wggEiMA0GCSqGSIb3DQEBAQUAA4IBDwAwggEKAoIBAQC4dGaRiXaAn76H4FOq\\nVdPhJW54pyxaB2v9+R9ovpUwvse7TtJsRatAiiHzduF3Dl48YeMZlH39Tz+YEE/r\\n5iM2Puno7/sHDRweaT2U2EqDdb3ggDFUuHfIryQmpHM+2c51zqhu7YMyVRLaCdjx\\nMO7Y/Mk6PWxQ/Y57mghijnyPauMMdHhLMLdfssu0qf1Qlq/cstHU2jH+sawgHe9n\\n8Cz/o/V4/tES72bjSq/qI9dsoTKHbivukg+D6Rbf00n8jef0uGsOQtJBYiC5Am38\\nxjA6alk4iBdmLyUDkOoALTvWpheE0x7MJZbRITiC3bo+xsTwm++Fw68I7IS7U7kG\\nbqp5AgMBAAGjezB5MAkGA1UdEwQCMAAwLAYJYIZIAYb4QgENBB8WHU9wZW5TU0wg\\nR2VuZXJhdGVkIENlcnRpZmljYXRlMB0GA1UdDgQWBBSUQMr5MmrV/KfknmEyJma/\\nyOB2JjAfBgNVHSMEGDAWgBTljUIFNy7BtsESeWqaSsoJKxpFvDANBgkqhkiG9w0B\\nAQsFAAOCAQEAB03E+ZkzIVxTc2yjlsGZM1RE/msgUy426vU73fPRSvwvQlb+vMSx\\nDunFtpyAlm/OH9Zop30sEHUoJ/emumcuhiSW8ShBDlK4UiB4Kwlee4qNPLnl09Fy\\njlcNEOmiepEaapSAU6xK/edLEGZmXH2XUPVoRg/TwcJj6rwEqUBAPVPR164PiQiU\\nn8N6ji3DBa+E0YkvwaIY2mTiueDCmTyoP0BEvGQei8ej7uYpGAJjOyunWwegoucu\\npUZFbmXtB9xFvOZmPEU0CBzJkMrSo3zq1cgP/F01S88+eJx4yugoBm83eMyEuqtt\\nUB6eitnPT92HFRH8CQSIwpPnis7jepuzOw==\\n-----END CERTIFICATE-----\\n-----BEGIN CERTIFICATE-----\\nMIIDizCCAnOgAwIBAgIUYFdUK/3nf5CTSRlHJ5OyFKcHQJMwDQYJKoZIhvcNAQEL\\nBQAwVDELMAkGA1UEBhMCSU4xFTATBgNVBAgMDEV4YW1wbGVTdGF0ZTEVMBMGA1UE\\nCgwMRXhhbXBsZSBJbmMuMRcwFQYDVQQDDA5jYS5leGFtcGxlLmNvbTAgFw0yMTA5\\nMjIwMjE4MzdaGA8zMDIxMDEyMzAyMTgzN1owVDELMAkGA1UEBhMCSU4xFTATBgNV\\nBAgMDEV4YW1wbGVTdGF0ZTEVMBMGA1UECgwMRXhhbXBsZSBJbmMuMRcwFQYDVQQD\\nDA5jYS5leGFtcGxlLmNvbTCCASIwDQYJKoZIhvcNAQEBBQADggEPADCCAQoCggEB\\nAOHGAj7eBmAQ+1UaLi1E2YrPio+PvyR/odNNKrYTNXhT1IGH0eAMGols979xGjat\\nntk3wVFXb1qA9MCMqnhzGe4rbgQcXd/BGoViEq294W/wdBNMxBwpHm+HF2ZxsotV\\nhzN16Ra/d/p7Uq3dZ1ByFoIOcx+McOV2bgYAk2Re1OoULtxJLf8gB3pBcz04J7C5\\nrDarLvH+PK0TQJd8ex5fH7mXh7h7vTwpJzq06zTuOu1GDly/Fg0/nUpVAd/RDMjt\\nqgALbQWWTgvT46t3TqI0O9P7WWLd24muL7r1qUcxPEYzo89F3cUHE/+65VpOiaBR\\nSu9PfP7jaEqVZbQuaTJxi9UCAwEAAaNTMFEwHQYDVR0OBBYEFOWNQgU3LsG2wRJ5\\nappKygkrGkW8MB8GA1UdIwQYMBaAFOWNQgU3LsG2wRJ5appKygkrGkW8MA8GA1Ud\\nEwEB/wQFMAMBAf8wDQYJKoZIhvcNAQELBQADggEBAK2Zkm10stavj8QF2JBxEalF\\nfZYFjNmU/rVVCgsOVHnXGMTeB/HquHmtCj9ygq/IUhTGTWr2SItbbIfEuWgwdCdu\\nhoxCnKD4sSK9prKJjLNA/OO75YXDBPScWUBTEtRr+KrEPzg6QCGoqJp9/81DD5qV\\nOMWoQWttvgKpVn40rT7RSHUMiV83TM5doXEyanzGOO3nkYZ0U6UdaBkMKz7u/X+E\\nXrNws0zHwiHQGb6u2VZ+qvwLGWyWHCNi/tTW9W1MycH4QldwzsBqPt12WIxnoehh\\nNUs70+V4oxUbXuY7h2YFBxL7BPgWV5XrrgtwvW6VDyVfytf7HeRsg3KuITpqEDk=\\n-----END CERTIFICATE-----\\n\",\"key\":\"-----BEGIN RSA PRIVATE KEY-----\\nMIIEogIBAAKCAQEAuHRmkYl2gJ++h+BTqlXT4SVueKcsWgdr/fkfaL6VML7Hu07S\\nbEWrQIoh83bhdw5ePGHjGZR9/U8/mBBP6+YjNj7p6O/7Bw0cHmk9lNhKg3W94IAx\\nVLh3yK8kJqRzPtnOdc6obu2DMlUS2gnY8TDu2PzJOj1sUP2Oe5oIYo58j2rjDHR4\\nSzC3X7LLtKn9UJav3LLR1Nox/rGsIB3vZ/As/6P1eP7REu9m40qv6iPXbKEyh24r\\n7pIPg+kW39NJ/I3n9LhrDkLSQWIguQJt/MYwOmpZOIgXZi8lA5DqAC071qYXhNMe\\nzCWW0SE4gt26PsbE8JvvhcOvCOyEu1O5Bm6qeQIDAQABAoIBADrAwOb8nSVtPJg1\\nKREpk3q0nJKL1UG7+XcFQi7v/b9wFVihS783FcxR82yEYl600elz2I2OUe88ren2\\n0C44uOCPe5w5zIC7eUhqhzYBCwMCnv+CdbQhqe3fc6lnWlobsHqv39CtkMuYc4/F\\n8TcqOfod0s7dP8IwcZEHSEJ0VlKr07KO1nkBlt+SbsWdEo0Fr80QbdzLw+lARVE3\\nP3eWNIhZSLpqrsOTJX5hZkZjQuuZDdl2+d8ZSViN+FNLrydE+3Q63+Y3Gn6Ov4SM\\nL1Tjt22x96JgGz0abnChU1wkdhY77efh+NIM/90TcBEcrFwyUW62lnFR9rInfYhh\\nhei0JYECgYEA4IF0vBBMjAnGy/ZZL6G5YGTNKA2kOnA1oWGE9Mjx2KFlca6lSd8q\\nZ2gBuU+NA0lrYQPhMFybalY8xxEsK6Wf0s69DCuyte9yj2sV/mEgLAU7qKEm4jJ9\\nX895SavNjj5H04Ez8STpulhRN0ReiqCBus94FGXXTXN9+gbb7qVp4tECgYEA0lSd\\nvMvLtINK//nR5iXEqbsGSPFp+uE5VX8m1Z/LbCPll2dEoQOAaFPrqsHDr0Z30J/h\\nqGkfyKJRwn3yX7qePRA49MroGsdt3kEJzvfFaDL1NPWEbulIoQA+xXtvYoJ6TFsJ\\njiqge+uxawKE9NEFFxEpFy4YTwo27kky2qATpykCgYBIUmvAiZ+fHSclXV6tsXN+\\nUfqlBH/7M1qTek7SbEk8eAGt9YzZl0KZvS+Q+sd6X5Rv1EgexDZsswsxNZ79EIXD\\n60WLPih7438MJHsZT0CF7cmiMQfNpmYtDzELQoUdZYLN57lL3ZBNr1W6cBPkpIAm\\nJd+Q8p3BHYtfmAYRgsfxgQKBgGC0LuIDAWG5i94tSmh6rPUs3DLlbEjBDM9WatCF\\na84IoyL9g/xT09Ij45LbC9GmoKf3GpWH3+krWFQH/EwvTVnd/5HtSNInJ0istonG\\nOaky5LK4v28PKyl7J2E843VzcC9zG+2Vg7v2HdiJi//Tqnd0mGPj+aE9nQvp88u5\\nFdAhAoGALnTaP6I1a545cTfxYvlNaSZT4W/zduCHBZCIKrIrcK4CKRTdwvRsQubx\\nh60q0yly4FcMSNDymV6SkmSTp0QAOdx+XFfnAamB/ZId8uvkAwVpj54a9CmQgKor\\n3E2mPUAnBcePur/lBrce8G1Iw6A8FxBA868B1IYzHnKuoTCjJBE=\\n-----END RSA PRIVATE KEY-----\\n\"}}},\"server\":{\"service\":{\"nodePortHttps\":30443,\"type\":\"NodePort\"}}}",
                "version": "3.21.0"
              }
            ],
            "name": "argo-cd",
            "namespace": "argo-cd",
            "postrender": [],
            "recreate_pods": false,
            "render_subchart_notes": true,
            "replace": false,
            "repository": "https://argoproj.github.io/argo-helm",
            "repository_ca_file": null,
            "repository_cert_file": null,
            "repository_key_file": null,
            "repository_password": null,
            "repository_username": null,
            "reset_values": false,
            "reuse_values": false,
            "set": [
              {
                "name": "configs.secret.argocdServerTlsConfig.crt",
                "type": "",
                "value": "-----BEGIN CERTIFICATE-----\nMIIDpTCCAo2gAwIBAgIBAjANBgkqhkiG9w0BAQsFADBUMQswCQYDVQQGEwJJTjEV\nMBMGA1UECAwMRXhhbXBsZVN0YXRlMRUwEwYDVQQKDAxFeGFtcGxlIEluYy4xFzAV\nBgNVBAMMDmNhLmV4YW1wbGUuY29tMCAXDTIxMDkyNzA1NTc0OFoYDzIxMjEwOTAz\nMDU1NzQ4WjBZMQswCQYDVQQGEwJJTjEVMBMGA1UECAwMRXhhbXBsZVN0YXRlMRUw\nEwYDVQQKDAxFeGFtcGxlIEluYy4xHDAaBgNVBAMME2FyZ28tY2QuZXhhbXBsZS5j\nb20wggEiMA0GCSqGSIb3DQEBAQUAA4IBDwAwggEKAoIBAQC4dGaRiXaAn76H4FOq\nVdPhJW54pyxaB2v9+R9ovpUwvse7TtJsRatAiiHzduF3Dl48YeMZlH39Tz+YEE/r\n5iM2Puno7/sHDRweaT2U2EqDdb3ggDFUuHfIryQmpHM+2c51zqhu7YMyVRLaCdjx\nMO7Y/Mk6PWxQ/Y57mghijnyPauMMdHhLMLdfssu0qf1Qlq/cstHU2jH+sawgHe9n\n8Cz/o/V4/tES72bjSq/qI9dsoTKHbivukg+D6Rbf00n8jef0uGsOQtJBYiC5Am38\nxjA6alk4iBdmLyUDkOoALTvWpheE0x7MJZbRITiC3bo+xsTwm++Fw68I7IS7U7kG\nbqp5AgMBAAGjezB5MAkGA1UdEwQCMAAwLAYJYIZIAYb4QgENBB8WHU9wZW5TU0wg\nR2VuZXJhdGVkIENlcnRpZmljYXRlMB0GA1UdDgQWBBSUQMr5MmrV/KfknmEyJma/\nyOB2JjAfBgNVHSMEGDAWgBTljUIFNy7BtsESeWqaSsoJKxpFvDANBgkqhkiG9w0B\nAQsFAAOCAQEAB03E+ZkzIVxTc2yjlsGZM1RE/msgUy426vU73fPRSvwvQlb+vMSx\nDunFtpyAlm/OH9Zop30sEHUoJ/emumcuhiSW8ShBDlK4UiB4Kwlee4qNPLnl09Fy\njlcNEOmiepEaapSAU6xK/edLEGZmXH2XUPVoRg/TwcJj6rwEqUBAPVPR164PiQiU\nn8N6ji3DBa+E0YkvwaIY2mTiueDCmTyoP0BEvGQei8ej7uYpGAJjOyunWwegoucu\npUZFbmXtB9xFvOZmPEU0CBzJkMrSo3zq1cgP/F01S88+eJx4yugoBm83eMyEuqtt\nUB6eitnPT92HFRH8CQSIwpPnis7jepuzOw==\n-----END CERTIFICATE-----\n-----BEGIN CERTIFICATE-----\nMIIDizCCAnOgAwIBAgIUYFdUK/3nf5CTSRlHJ5OyFKcHQJMwDQYJKoZIhvcNAQEL\nBQAwVDELMAkGA1UEBhMCSU4xFTATBgNVBAgMDEV4YW1wbGVTdGF0ZTEVMBMGA1UE\nCgwMRXhhbXBsZSBJbmMuMRcwFQYDVQQDDA5jYS5leGFtcGxlLmNvbTAgFw0yMTA5\nMjIwMjE4MzdaGA8zMDIxMDEyMzAyMTgzN1owVDELMAkGA1UEBhMCSU4xFTATBgNV\nBAgMDEV4YW1wbGVTdGF0ZTEVMBMGA1UECgwMRXhhbXBsZSBJbmMuMRcwFQYDVQQD\nDA5jYS5leGFtcGxlLmNvbTCCASIwDQYJKoZIhvcNAQEBBQADggEPADCCAQoCggEB\nAOHGAj7eBmAQ+1UaLi1E2YrPio+PvyR/odNNKrYTNXhT1IGH0eAMGols979xGjat\nntk3wVFXb1qA9MCMqnhzGe4rbgQcXd/BGoViEq294W/wdBNMxBwpHm+HF2ZxsotV\nhzN16Ra/d/p7Uq3dZ1ByFoIOcx+McOV2bgYAk2Re1OoULtxJLf8gB3pBcz04J7C5\nrDarLvH+PK0TQJd8ex5fH7mXh7h7vTwpJzq06zTuOu1GDly/Fg0/nUpVAd/RDMjt\nqgALbQWWTgvT46t3TqI0O9P7WWLd24muL7r1qUcxPEYzo89F3cUHE/+65VpOiaBR\nSu9PfP7jaEqVZbQuaTJxi9UCAwEAAaNTMFEwHQYDVR0OBBYEFOWNQgU3LsG2wRJ5\nappKygkrGkW8MB8GA1UdIwQYMBaAFOWNQgU3LsG2wRJ5appKygkrGkW8MA8GA1Ud\nEwEB/wQFMAMBAf8wDQYJKoZIhvcNAQELBQADggEBAK2Zkm10stavj8QF2JBxEalF\nfZYFjNmU/rVVCgsOVHnXGMTeB/HquHmtCj9ygq/IUhTGTWr2SItbbIfEuWgwdCdu\nhoxCnKD4sSK9prKJjLNA/OO75YXDBPScWUBTEtRr+KrEPzg6QCGoqJp9/81DD5qV\nOMWoQWttvgKpVn40rT7RSHUMiV83TM5doXEyanzGOO3nkYZ0U6UdaBkMKz7u/X+E\nXrNws0zHwiHQGb6u2VZ+qvwLGWyWHCNi/tTW9W1MycH4QldwzsBqPt12WIxnoehh\nNUs70+V4oxUbXuY7h2YFBxL7BPgWV5XrrgtwvW6VDyVfytf7HeRsg3KuITpqEDk=\n-----END CERTIFICATE-----\n"
              },
              {
                "name": "configs.secret.argocdServerTlsConfig.key",
                "type": "",
                "value": "-----BEGIN RSA PRIVATE KEY-----\nMIIEogIBAAKCAQEAuHRmkYl2gJ++h+BTqlXT4SVueKcsWgdr/fkfaL6VML7Hu07S\nbEWrQIoh83bhdw5ePGHjGZR9/U8/mBBP6+YjNj7p6O/7Bw0cHmk9lNhKg3W94IAx\nVLh3yK8kJqRzPtnOdc6obu2DMlUS2gnY8TDu2PzJOj1sUP2Oe5oIYo58j2rjDHR4\nSzC3X7LLtKn9UJav3LLR1Nox/rGsIB3vZ/As/6P1eP7REu9m40qv6iPXbKEyh24r\n7pIPg+kW39NJ/I3n9LhrDkLSQWIguQJt/MYwOmpZOIgXZi8lA5DqAC071qYXhNMe\nzCWW0SE4gt26PsbE8JvvhcOvCOyEu1O5Bm6qeQIDAQABAoIBADrAwOb8nSVtPJg1\nKREpk3q0nJKL1UG7+XcFQi7v/b9wFVihS783FcxR82yEYl600elz2I2OUe88ren2\n0C44uOCPe5w5zIC7eUhqhzYBCwMCnv+CdbQhqe3fc6lnWlobsHqv39CtkMuYc4/F\n8TcqOfod0s7dP8IwcZEHSEJ0VlKr07KO1nkBlt+SbsWdEo0Fr80QbdzLw+lARVE3\nP3eWNIhZSLpqrsOTJX5hZkZjQuuZDdl2+d8ZSViN+FNLrydE+3Q63+Y3Gn6Ov4SM\nL1Tjt22x96JgGz0abnChU1wkdhY77efh+NIM/90TcBEcrFwyUW62lnFR9rInfYhh\nhei0JYECgYEA4IF0vBBMjAnGy/ZZL6G5YGTNKA2kOnA1oWGE9Mjx2KFlca6lSd8q\nZ2gBuU+NA0lrYQPhMFybalY8xxEsK6Wf0s69DCuyte9yj2sV/mEgLAU7qKEm4jJ9\nX895SavNjj5H04Ez8STpulhRN0ReiqCBus94FGXXTXN9+gbb7qVp4tECgYEA0lSd\nvMvLtINK//nR5iXEqbsGSPFp+uE5VX8m1Z/LbCPll2dEoQOAaFPrqsHDr0Z30J/h\nqGkfyKJRwn3yX7qePRA49MroGsdt3kEJzvfFaDL1NPWEbulIoQA+xXtvYoJ6TFsJ\njiqge+uxawKE9NEFFxEpFy4YTwo27kky2qATpykCgYBIUmvAiZ+fHSclXV6tsXN+\nUfqlBH/7M1qTek7SbEk8eAGt9YzZl0KZvS+Q+sd6X5Rv1EgexDZsswsxNZ79EIXD\n60WLPih7438MJHsZT0CF7cmiMQfNpmYtDzELQoUdZYLN57lL3ZBNr1W6cBPkpIAm\nJd+Q8p3BHYtfmAYRgsfxgQKBgGC0LuIDAWG5i94tSmh6rPUs3DLlbEjBDM9WatCF\na84IoyL9g/xT09Ij45LbC9GmoKf3GpWH3+krWFQH/EwvTVnd/5HtSNInJ0istonG\nOaky5LK4v28PKyl7J2E843VzcC9zG+2Vg7v2HdiJi//Tqnd0mGPj+aE9nQvp88u5\nFdAhAoGALnTaP6I1a545cTfxYvlNaSZT4W/zduCHBZCIKrIrcK4CKRTdwvRsQubx\nh60q0yly4FcMSNDymV6SkmSTp0QAOdx+XFfnAamB/ZId8uvkAwVpj54a9CmQgKor\n3E2mPUAnBcePur/lBrce8G1Iw6A8FxBA868B1IYzHnKuoTCjJBE=\n-----END RSA PRIVATE KEY-----\n"
              },
              {
                "name": "server.service.nodePortHttps",
                "type": null,
                "value": "30443"
              },
              {
                "name": "server.service.type",
                "type": null,
                "value": "NodePort"
              }
            ],
            "set_sensitive": [],
            "skip_crds": false,
            "status": "deployed",
            "timeout": 300,
            "values": null,
            "verify": false,
            "version": "3.21.0",
            "wait": true,
            "wait_for_jobs": false
          },
          "sensitive_attributes": [],
          "private": "bnVsbA=="
        },
        {
          "index_key": "jenkins",
          "schema_version": 0,
          "attributes": {
            "atomic": false,
            "chart": "jenkins",
            "cleanup_on_fail": false,
            "create_namespace": true,
            "dependency_update": true,
            "description": null,
            "devel": null,
            "disable_crd_hooks": false,
            "disable_openapi_validation": false,
            "disable_webhooks": false,
            "force_update": false,
            "id": "jenkins",
            "keyring": null,
            "lint": false,
            "manifest": null,
            "max_history": 0,
            "metadata": [
              {
                "app_version": "2.303.1",
                "chart": "jenkins",
                "name": "jenkins",
                "namespace": "jenkins",
                "revision": 1,
                "values": "null",
                "version": "3.5.18"
              }
            ],
            "name": "jenkins",
            "namespace": "jenkins",
            "postrender": [],
            "recreate_pods": false,
            "render_subchart_notes": true,
            "replace": false,
            "repository": "https://charts.jenkins.io",
            "repository_ca_file": null,
            "repository_cert_file": null,
            "repository_key_file": null,
            "repository_password": null,
            "repository_username": null,
            "reset_values": false,
            "reuse_values": false,
            "set": [],
            "set_sensitive": [],
            "skip_crds": false,
            "status": "deployed",
            "timeout": 300,
            "values": null,
            "verify": false,
            "version": "3.5.18",
            "wait": true,
            "wait_for_jobs": false
          },
          "sensitive_attributes": [],
          "private": "bnVsbA=="
        },
        {
          "index_key": "prometheus-blackbox-exporter",
          "schema_version": 0,
          "attributes": {
            "atomic": false,
            "chart": "prometheus-blackbox-exporter",
            "cleanup_on_fail": false,
            "create_namespace": true,
            "dependency_update": true,
            "description": null,
            "devel": null,
            "disable_crd_hooks": false,
            "disable_openapi_validation": false,
            "disable_webhooks": false,
            "force_update": false,
            "id": "prometheus-blackbox-exporter",
            "keyring": null,
            "lint": false,
            "manifest": null,
            "max_history": 0,
            "metadata": [
              {
                "app_version": "0.19.0",
                "chart": "prometheus-blackbox-exporter",
                "name": "prometheus-blackbox-exporter",
                "namespace": "prometheus-blackbox-exporter",
                "revision": 1,
                "values": "null",
                "version": "5.0.3"
              }
            ],
            "name": "prometheus-blackbox-exporter",
            "namespace": "prometheus-blackbox-exporter",
            "postrender": [],
            "recreate_pods": false,
            "render_subchart_notes": true,
            "replace": false,
            "repository": "https://prometheus-community.github.io/helm-charts",
            "repository_ca_file": null,
            "repository_cert_file": null,
            "repository_key_file": null,
            "repository_password": null,
            "repository_username": null,
            "reset_values": false,
            "reuse_values": false,
            "set": [],
            "set_sensitive": [],
            "skip_crds": false,
            "status": "deployed",
            "timeout": 300,
            "values": null,
            "verify": false,
            "version": "5.0.3",
            "wait": true,
            "wait_for_jobs": false
          },
          "sensitive_attributes": [],
          "private": "bnVsbA=="
        },
        {
          "index_key": "prometheus-mysql-exporter",
          "schema_version": 0,
          "attributes": {
            "atomic": false,
            "chart": "prometheus-mysql-exporter",
            "cleanup_on_fail": false,
            "create_namespace": true,
            "dependency_update": true,
            "description": null,
            "devel": null,
            "disable_crd_hooks": false,
            "disable_openapi_validation": false,
            "disable_webhooks": false,
            "force_update": false,
            "id": "prometheus-mysql-exporter",
            "keyring": null,
            "lint": false,
            "manifest": null,
            "max_history": 0,
            "metadata": [
              {
                "app_version": "v0.12.1",
                "chart": "prometheus-mysql-exporter",
                "name": "prometheus-mysql-exporter",
                "namespace": "prometheus-mysql-exporter",
                "revision": 1,
                "values": "null",
                "version": "1.2.2"
              }
            ],
            "name": "prometheus-mysql-exporter",
            "namespace": "prometheus-mysql-exporter",
            "postrender": [],
            "recreate_pods": false,
            "render_subchart_notes": true,
            "replace": false,
            "repository": "https://prometheus-community.github.io/helm-charts",
            "repository_ca_file": null,
            "repository_cert_file": null,
            "repository_key_file": null,
            "repository_password": null,
            "repository_username": null,
            "reset_values": false,
            "reuse_values": false,
            "set": [],
            "set_sensitive": [],
            "skip_crds": false,
            "status": "deployed",
            "timeout": 300,
            "values": null,
            "verify": false,
            "version": "1.2.2",
            "wait": true,
            "wait_for_jobs": false
          },
          "sensitive_attributes": [],
          "private": "bnVsbA=="
        },
        {
          "index_key": "prometheus-pingdom-exporter",
          "schema_version": 0,
          "attributes": {
            "atomic": false,
            "chart": "prometheus-pingdom-exporter",
            "cleanup_on_fail": false,
            "create_namespace": true,
            "dependency_update": true,
            "description": null,
            "devel": null,
            "disable_crd_hooks": false,
            "disable_openapi_validation": false,
            "disable_webhooks": false,
            "force_update": false,
            "id": "prometheus-pingdom-exporter",
            "keyring": null,
            "lint": false,
            "manifest": null,
            "max_history": 0,
            "metadata": [
              {
                "app_version": "20190610-1",
                "chart": "prometheus-pingdom-exporter",
                "name": "prometheus-pingdom-exporter",
                "namespace": "prometheus-pingdom-exporter",
                "revision": 1,
                "values": "null",
                "version": "2.4.1"
              }
            ],
            "name": "prometheus-pingdom-exporter",
            "namespace": "prometheus-pingdom-exporter",
            "postrender": [],
            "recreate_pods": false,
            "render_subchart_notes": true,
            "replace": false,
            "repository": "https://prometheus-community.github.io/helm-charts",
            "repository_ca_file": null,
            "repository_cert_file": null,
            "repository_key_file": null,
            "repository_password": null,
            "repository_username": null,
            "reset_values": false,
            "reuse_values": false,
            "set": [],
            "set_sensitive": [],
            "skip_crds": false,
            "status": "deployed",
            "timeout": 300,
            "values": null,
            "verify": false,
            "version": "2.4.1",
            "wait": true,
            "wait_for_jobs": false
          },
          "sensitive_attributes": [],
          "private": "bnVsbA=="
        },
        {
          "index_key": "sealed-secrets",
          "schema_version": 0,
          "attributes": {
            "atomic": false,
            "chart": "sealed-secrets",
            "cleanup_on_fail": false,
            "create_namespace": true,
            "dependency_update": true,
            "description": null,
            "devel": null,
            "disable_crd_hooks": false,
            "disable_openapi_validation": false,
            "disable_webhooks": false,
            "force_update": false,
            "id": "sealed-secrets",
            "keyring": null,
            "lint": false,
            "manifest": null,
            "max_history": 0,
            "metadata": [
              {
                "app_version": "v0.16.0",
                "chart": "sealed-secrets",
                "name": "sealed-secrets",
                "namespace": "sealed-secrets",
                "revision": 1,
                "values": "{\"ingress\":{\"enabled\":true,\"hosts\":[\"sealed-secrets.example.com\"]}}",
                "version": "1.16.1"
              }
            ],
            "name": "sealed-secrets",
            "namespace": "sealed-secrets",
            "postrender": [],
            "recreate_pods": false,
            "render_subchart_notes": true,
            "replace": false,
            "repository": "https://bitnami-labs.github.io/sealed-secrets",
            "repository_ca_file": null,
            "repository_cert_file": null,
            "repository_key_file": null,
            "repository_password": null,
            "repository_username": null,
            "reset_values": false,
            "reuse_values": false,
            "set": [
              {
                "name": "ingress.enabled",
                "type": "",
                "value": "true"
              },
              {
                "name": "ingress.hosts[0]",
                "type": "",
                "value": "sealed-secrets.example.com"
              }
            ],
            "set_sensitive": [],
            "skip_crds": false,
            "status": "deployed",
            "timeout": 300,
            "values": null,
            "verify": false,
            "version": "1.16.1",
            "wait": true,
            "wait_for_jobs": false
          },
          "sensitive_attributes": [],
          "private": "bnVsbA=="
        },
        {
          "index_key": "vault",
          "schema_version": 0,
          "attributes": {
            "atomic": false,
            "chart": "vault",
            "cleanup_on_fail": false,
            "create_namespace": true,
            "dependency_update": true,
            "description": null,
            "devel": null,
            "disable_crd_hooks": false,
            "disable_openapi_validation": false,
            "disable_webhooks": false,
            "force_update": false,
            "id": "hashicorp-vault",
            "keyring": null,
            "lint": false,
            "manifest": null,
            "max_history": 0,
            "metadata": [
              {
                "app_version": "1.8.2",
                "chart": "vault",
                "name": "hashicorp-vault",
                "namespace": "hashicorp-vault",
                "revision": 1,
                "values": "{\"server\":{\"auditStorage\":{\"enabled\":true,\"size\":\"500Mi\"},\"dataStorage\":{\"size\":\"500Mi\"},\"dev\":{\"enabled\":false},\"ha\":{\"enabled\":false}}}",
                "version": "0.16.0"
              }
            ],
            "name": "hashicorp-vault",
            "namespace": "hashicorp-vault",
            "postrender": [],
            "recreate_pods": false,
            "render_subchart_notes": true,
            "replace": false,
            "repository": "https://helm.releases.hashicorp.com/",
            "repository_ca_file": null,
            "repository_cert_file": null,
            "repository_key_file": null,
            "repository_password": null,
            "repository_username": null,
            "reset_values": false,
            "reuse_values": false,
            "set": [
              {
                "name": "server.auditStorage.enabled",
                "type": "",
                "value": "true"
              },
              {
                "name": "server.auditStorage.size",
                "type": "",
                "value": "500Mi"
              },
              {
                "name": "server.dataStorage.size",
                "type": "",
                "value": "500Mi"
              },
              {
                "name": "server.dev.enabled",
                "type": "",
                "value": "false"
              },
              {
                "name": "server.ha.enabled",
                "type": "",
                "value": "false"
              }
            ],
            "set_sensitive": [],
            "skip_crds": false,
            "status": "deployed",
            "timeout": 300,
            "values": null,
            "verify": false,
            "version": "0.16.0",
            "wait": true,
            "wait_for_jobs": false
          },
          "sensitive_attributes": [],
          "private": "bnVsbA=="
        }
      ]
    }
  ]
}
