{
  "version": 4,
  "terraform_version": "0.14.6",
  "serial": 139,
  "lineage": "509d99b8-76e4-808a-79d3-9cf1bbc47580",
  "outputs": {},
  "resources": [
    {
      "mode": "managed",
      "type": "helm_release",
      "name": "releases",
      "provider": "provider[\"registry.terraform.io/hashicorp/helm\"]",
      "instances": [
        {
          "index_key": "argocd",
          "schema_version": 0,
          "attributes": {
            "atomic": false,
            "chart": "argo-cd",
            "cleanup_on_fail": false,
            "create_namespace": true,
            "dependency_update": false,
            "description": null,
            "devel": null,
            "disable_crd_hooks": false,
            "disable_openapi_validation": false,
            "disable_webhooks": false,
            "force_update": false,
            "id": "argocd",
            "keyring": null,
            "lint": false,
            "manifest": null,
            "max_history": 0,
            "metadata": [
              {
                "app_version": "2.0.3",
                "chart": "argo-cd",
                "name": "argocd",
                "namespace": "argocd-lab",
                "revision": 1,
                "values": "{\"server\":{\"service\":{\"nodePortHttps\":30443,\"type\":\"NodePort\"}}}",
                "version": "3.6.4"
              }
            ],
            "name": "argocd",
            "namespace": "argocd-lab",
            "postrender": [],
            "recreate_pods": false,
            "render_subchart_notes": true,
            "replace": false,
            "repository": "https://argoproj.github.io/argo-helm",
            "repository_ca_file": null,
            "repository_cert_file": null,
            "repository_key_file": null,
            "repository_password": null,
            "repository_username": null,
            "reset_values": false,
            "reuse_values": false,
            "set": [
              {
                "name": "server.service.nodePortHttps",
                "type": "",
                "value": "30443"
              },
              {
                "name": "server.service.type",
                "type": "",
                "value": "NodePort"
              }
            ],
            "set_sensitive": [],
            "skip_crds": false,
            "status": "deployed",
            "timeout": 300,
            "values": null,
            "verify": false,
            "version": "3.6.4",
            "wait": true,
            "wait_for_jobs": false
          },
          "sensitive_attributes": [],
          "private": "bnVsbA=="
        },
        {
          "index_key": "haproxy-ingress",
          "schema_version": 0,
          "attributes": {
            "atomic": false,
            "chart": "kubernetes-ingress",
            "cleanup_on_fail": false,
            "create_namespace": true,
            "dependency_update": false,
            "description": null,
            "devel": null,
            "disable_crd_hooks": false,
            "disable_openapi_validation": false,
            "disable_webhooks": false,
            "force_update": false,
            "id": "kubernetes-ingress",
            "keyring": null,
            "lint": false,
            "manifest": null,
            "max_history": 0,
            "metadata": [
              {
                "app_version": "1.6.2",
                "chart": "kubernetes-ingress",
                "name": "kubernetes-ingress",
                "namespace": "kubernetes-ingress-lab",
                "revision": 1,
                "values": "{\"controller\":{\"kind\":\"DaemonSet\",\"service\":{\"nodePorts\":{\"http\":32080,\"https\":32443}}}}",
                "version": "1.15.2"
              }
            ],
            "name": "kubernetes-ingress",
            "namespace": "kubernetes-ingress-lab",
            "postrender": [],
            "recreate_pods": false,
            "render_subchart_notes": true,
            "replace": false,
            "repository": "https://haproxytech.github.io/helm-charts",
            "repository_ca_file": null,
            "repository_cert_file": null,
            "repository_key_file": null,
            "repository_password": null,
            "repository_username": null,
            "reset_values": false,
            "reuse_values": false,
            "set": [
              {
                "name": "controller.kind",
                "type": "",
                "value": "DaemonSet"
              },
              {
                "name": "controller.service.nodePorts.http",
                "type": "",
                "value": "32080"
              },
              {
                "name": "controller.service.nodePorts.https",
                "type": "",
                "value": "32443"
              }
            ],
            "set_sensitive": [],
            "skip_crds": false,
            "status": "deployed",
            "timeout": 300,
            "values": null,
            "verify": false,
            "version": "1.15.2",
            "wait": true,
            "wait_for_jobs": false
          },
          "sensitive_attributes": [],
          "private": "bnVsbA=="
        },
        {
          "index_key": "keycloak",
          "schema_version": 0,
          "attributes": {
            "atomic": false,
            "chart": "keycloak",
            "cleanup_on_fail": false,
            "create_namespace": true,
            "dependency_update": false,
            "description": null,
            "devel": null,
            "disable_crd_hooks": false,
            "disable_openapi_validation": false,
            "disable_webhooks": false,
            "force_update": false,
            "id": "keycloak",
            "keyring": null,
            "lint": false,
            "manifest": null,
            "max_history": 0,
            "metadata": [
              {
                "app_version": "13.0.1",
                "chart": "keycloak",
                "name": "keycloak",
                "namespace": "keycloak-lab",
                "revision": 3,
                "values": "{\"auth\":{\"adminPassword\":\"admin_123\",\"adminUser\":\"admin\"},\"postgresql\":{\"persistence\":{\"size\":\"500Mi\"}},\"service\":{\"nodePorts\":{\"http\":31080,\"https\":31443},\"type\":\"NodePort\"}}",
                "version": "3.0.4"
              }
            ],
            "name": "keycloak",
            "namespace": "keycloak-lab",
            "postrender": [],
            "recreate_pods": false,
            "render_subchart_notes": true,
            "replace": false,
            "repository": "https://charts.bitnami.com/bitnami",
            "repository_ca_file": null,
            "repository_cert_file": null,
            "repository_key_file": null,
            "repository_password": null,
            "repository_username": null,
            "reset_values": false,
            "reuse_values": false,
            "set": [
              {
                "name": "auth.adminPassword",
                "type": null,
                "value": "admin_123"
              },
              {
                "name": "auth.adminUser",
                "type": null,
                "value": "admin"
              },
              {
                "name": "postgresql.persistence.size",
                "type": null,
                "value": "500Mi"
              },
              {
                "name": "service.nodePorts.http",
                "type": "",
                "value": "31080"
              },
              {
                "name": "service.nodePorts.https",
                "type": null,
                "value": "31443"
              },
              {
                "name": "service.type",
                "type": null,
                "value": "NodePort"
              }
            ],
            "set_sensitive": [],
            "skip_crds": false,
            "status": "deployed",
            "timeout": 300,
            "values": null,
            "verify": false,
            "version": "3.0.4",
            "wait": true,
            "wait_for_jobs": false
          },
          "sensitive_attributes": [],
          "private": "bnVsbA=="
        },
        {
          "index_key": "sealed-secrets",
          "schema_version": 0,
          "attributes": {
            "atomic": false,
            "chart": "sealed-secrets",
            "cleanup_on_fail": false,
            "create_namespace": true,
            "dependency_update": false,
            "description": null,
            "devel": null,
            "disable_crd_hooks": false,
            "disable_openapi_validation": false,
            "disable_webhooks": false,
            "force_update": false,
            "id": "sealed-secrets",
            "keyring": null,
            "lint": false,
            "manifest": null,
            "max_history": 0,
            "metadata": [
              {
                "app_version": "v0.16.0",
                "chart": "sealed-secrets",
                "name": "sealed-secrets",
                "namespace": "sealed-secrets-lab",
                "revision": 1,
                "values": "{\"ingress\":{\"enabled\":true,\"hosts\":[\"sealed-secrets.lab\"]}}",
                "version": "1.16.1"
              }
            ],
            "name": "sealed-secrets",
            "namespace": "sealed-secrets-lab",
            "postrender": [],
            "recreate_pods": false,
            "render_subchart_notes": true,
            "replace": false,
            "repository": "https://bitnami-labs.github.io/sealed-secrets",
            "repository_ca_file": null,
            "repository_cert_file": null,
            "repository_key_file": null,
            "repository_password": null,
            "repository_username": null,
            "reset_values": false,
            "reuse_values": false,
            "set": [
              {
                "name": "ingress.enabled",
                "type": "",
                "value": "true"
              },
              {
                "name": "ingress.hosts[0]",
                "type": "",
                "value": "sealed-secrets.lab"
              }
            ],
            "set_sensitive": [],
            "skip_crds": false,
            "status": "deployed",
            "timeout": 300,
            "values": null,
            "verify": false,
            "version": "1.16.1",
            "wait": true,
            "wait_for_jobs": false
          },
          "sensitive_attributes": [],
          "private": "bnVsbA=="
        },
        {
          "index_key": "vault",
          "schema_version": 0,
          "attributes": {
            "atomic": false,
            "chart": "vault",
            "cleanup_on_fail": false,
            "create_namespace": true,
            "dependency_update": false,
            "description": null,
            "devel": null,
            "disable_crd_hooks": false,
            "disable_openapi_validation": false,
            "disable_webhooks": false,
            "force_update": false,
            "id": "hashicorp-vault",
            "keyring": null,
            "lint": false,
            "manifest": null,
            "max_history": 0,
            "metadata": [
              {
                "app_version": "1.7.2",
                "chart": "vault",
                "name": "hashicorp-vault",
                "namespace": "hashicorp-vault-lab",
                "revision": 1,
                "values": "{\"server\":{\"auditStorage\":{\"enabled\":true,\"size\":\"500Mi\"},\"dataStorage\":{\"size\":\"500Mi\"},\"dev\":{\"enabled\":false},\"ha\":{\"enabled\":false},\"service\":{\"nodePort\":30082,\"type\":\"NodePort\"}}}",
                "version": "0.12.0"
              }
            ],
            "name": "hashicorp-vault",
            "namespace": "hashicorp-vault-lab",
            "postrender": [],
            "recreate_pods": false,
            "render_subchart_notes": true,
            "replace": false,
            "repository": "https://helm.releases.hashicorp.com/",
            "repository_ca_file": null,
            "repository_cert_file": null,
            "repository_key_file": null,
            "repository_password": null,
            "repository_username": null,
            "reset_values": false,
            "reuse_values": false,
            "set": [
              {
                "name": "server.auditStorage.enabled",
                "type": "",
                "value": "true"
              },
              {
                "name": "server.auditStorage.size",
                "type": "",
                "value": "500Mi"
              },
              {
                "name": "server.dataStorage.size",
                "type": "",
                "value": "500Mi"
              },
              {
                "name": "server.dev.enabled",
                "type": "",
                "value": "false"
              },
              {
                "name": "server.ha.enabled",
                "type": "",
                "value": "false"
              },
              {
                "name": "server.service.nodePort",
                "type": "",
                "value": "30082"
              },
              {
                "name": "server.service.type",
                "type": "",
                "value": "NodePort"
              }
            ],
            "set_sensitive": [],
            "skip_crds": false,
            "status": "deployed",
            "timeout": 300,
            "values": null,
            "verify": false,
            "version": "0.12.0",
            "wait": true,
            "wait_for_jobs": false
          },
          "sensitive_attributes": [],
          "private": "bnVsbA=="
        }
      ]
    }
  ]
}
